{
  "name": "build-your-own-react-workshop",
  "version": "1.0.0",
  "lockfileVersion": 2,
  "requires": true,
  "packages": {
    "": {
      "name": "build-your-own-react-workshop",
      "version": "1.0.0",
      "license": "ISC",
      "workspaces": [
        "packages/my-own-react"
      ]
    },
    "node_modules/my-own-react": {
      "resolved": "packages/my-own-react",
      "link": true
    },
    "packages/my-own-react": {
      "version": "1.0.0",
      "license": "ISC"
    }
  },
  "dependencies": {
    "my-own-react": {
      "version": "file:packages/my-own-react"
    }
  }
}
